{
  "version": "5",
  "specifiers": {
    "jsr:@std/assert@1": "1.0.19",
    "jsr:@std/internal@^1.0.12": "1.0.12"
  },
  "jsr": {
    "@std/assert@1.0.19": {
      "integrity": "eaada96ee120cb980bc47e040f82814d786fe8162ecc53c91d8df60b8755991e",
      "dependencies": [
        "jsr:@std/internal"
      ]
    },
    "@std/internal@1.0.12": {
      "integrity": "972a634fd5bc34b242024402972cd5143eac68d8dffaca5eaa4dba30ce17b027"
    }
  },
  "workspace": {
    "packageJson": {
      "dependencies": [
        "npm:@angular/build@22",
        "npm:@angular/cli@22",
        "npm:@angular/common@22",
        "npm:@angular/compiler-cli@22",
        "npm:@angular/compiler@22",
        "npm:@angular/core@22",
        "npm:@angular/platform-browser@22",
        "npm:@blocksuite/blocks@0.19.5",
        "npm:@blocksuite/presets@0.19.5",
        "npm:@blocksuite/store@0.19.5",
        "npm:rxjs@^7.8.1",
        "npm:tslib@^2.6.2",
        "npm:typescript@6.0",
        "npm:y-indexeddb@^9.0.12",
        "npm:yjs@^13.6.18"
      ]
    }
  }
}
