{
  "version": "5",
  "specifiers": {
    "npm:@opentelemetry/api@^1.9.0": "1.9.1"
  },
  "npm": {
    "@opentelemetry/api@1.9.1": {
      "integrity": "sha512-gLyJlPHPZYdAk1JENA9LeHejZe1Ti77/pTeFm/nMXmQH/HFZlcS/O2XJB+L8fkbrNSqhdtlvjBVjxwUYanNH5Q=="
    }
  },
  "workspace": {
    "dependencies": [
      "npm:@opentelemetry/api@^1.9.0"
    ]
  }
}
