lockfileVersion: '9.0'

settings:
  autoInstallPeers: true
  excludeLinksFromLockfile: false

importers:

  .:
    dependencies:
      '@hono/node-server':
        specifier: ^1.13.7
        version: 1.19.14(hono@4.12.23)
      '@hono/node-ws':
        specifier: ^1.0.4
        version: 1.3.1(@hono/node-server@1.19.14(hono@4.12.23))(hono@4.12.23)
      '@lydell/node-pty':
        specifier: ^1.1.0
        version: 1.1.0
      '@opentelemetry/api':
        specifier: ^1.9.0
        version: 1.9.1
      hono:
        specifier: ^4.6.14
        version: 4.12.23
    optionalDependencies:
      '@opentelemetry/exporter-trace-otlp-http':
        specifier: ^0.57.0
        version: 0.57.2(@opentelemetry/api@1.9.1)
      '@opentelemetry/resources':
        specifier: ^1.30.0
        version: 1.30.1(@opentelemetry/api@1.9.1)
      '@opentelemetry/sdk-node':
        specifier: ^0.57.0
        version: 0.57.2(@opentelemetry/api@1.9.1)
      '@opentelemetry/semantic-conventions':
        specifier: ^1.28.0
        version: 1.41.1

packages:

  '@grpc/grpc-js@1.14.4':
    resolution: {integrity: sha512-k9Dj3DV/itK9D06Y8f190Qgop7/Ui+D0njFV3LHMPwPT75DpXLQohE9Wmz0QElrJnzsjB7KPWiKJbOl7IPDArQ==}
    engines: {node: '>=12.10.0'}

  '@grpc/proto-loader@0.8.1':
    resolution: {integrity: sha512-wtF6h+DY6M3YaDBPAmvuuA6jV8Sif9MjtOI5euKFWRgCDl5PeDpPsHR9u2l6St5ceY8AZgoNDww5+HvEsXFsGg==}
    engines: {node: '>=6'}
    hasBin: true

  '@hono/node-server@1.19.14':
    resolution: {integrity: sha512-GwtvgtXxnWsucXvbQXkRgqksiH2Qed37H9xHZocE5sA3N8O8O8/8FA3uclQXxXVzc9XBZuEOMK7+r02FmSpHtw==}
    engines: {node: '>=18.14.1'}
    peerDependencies:
      hono: ^4

  '@hono/node-ws@1.3.1':
    resolution: {integrity: sha512-vo/MwCnpJAVHBkGzWjCJ28wF45fYHAfbPZcH2rodZODHtch2GHA94KtMfusmVycTUtsLAsaNsHhtY6P8X3RQsA==}
    engines: {node: '>=18.14.1'}
    peerDependencies:
      '@hono/node-server': ^1.19.11
      hono: ^4.6.0

  '@js-sdsl/ordered-map@4.4.2':
    resolution: {integrity: sha512-iUKgm52T8HOE/makSxjqoWhe95ZJA1/G1sYsGev2JDKUSS14KAgg1LHb+Ba+IPow0xflbnSkOsZcO08C7w1gYw==}

  '@lydell/node-pty-darwin-arm64@1.1.0':
    resolution: {integrity: sha512-7kFD+owAA61qmhJCtoMbqj3Uvff3YHDiU+4on5F2vQdcMI3MuwGi7dM6MkFG/yuzpw8LF2xULpL71tOPUfxs0w==}
    cpu: [arm64]
    os: [darwin]

  '@lydell/node-pty-darwin-x64@1.1.0':
    resolution: {integrity: sha512-XZdvqj5FjAMjH8bdp0YfaZjur5DrCIDD1VYiE9EkkYVMDQqRUPHYV3U8BVEQVT9hYfjmpr7dNaELF2KyISWSNA==}
    cpu: [x64]
    os: [darwin]

  '@lydell/node-pty-linux-arm64@1.1.0':
    resolution: {integrity: sha512-yyDBmalCfHpLiQMT2zyLcqL2Fay4Xy7rIs8GH4dqKLnEviMvPGOK7LADVkKAsbsyXBSISL3Lt1m1MtxhPH6ckg==}
    cpu: [arm64]
    os: [linux]

  '@lydell/node-pty-linux-x64@1.1.0':
    resolution: {integrity: sha512-NcNqRTD14QT+vXcEuqSSvmWY+0+WUBn2uRE8EN0zKtDpIEr9d+YiFj16Uqds6QfcLCHfZmC+Ls7YzwTaqDnanA==}
    cpu: [x64]
    os: [linux]

  '@lydell/node-pty-win32-arm64@1.1.0':
    resolution: {integrity: sha512-JOMbCou+0fA7d/m97faIIfIU0jOv8sn2OR7tI45u3AmldKoKoLP8zHY6SAvDDnI3fccO1R2HeR1doVjpS7HM0w==}
    cpu: [arm64]
    os: [win32]

  '@lydell/node-pty-win32-x64@1.1.0':
    resolution: {integrity: sha512-3N56BZ+WDFnUMYRtsrr7Ky2mhWGl9xXcyqR6cexfuCqcz9RNWL+KoXRv/nZylY5dYaXkft4JaR1uVu+roiZDAw==}
    cpu: [x64]
    os: [win32]

  '@lydell/node-pty@1.1.0':
    resolution: {integrity: sha512-VDD8LtlMTOrPKWMXUAcB9+LTktzuunqrMwkYR1DMRBkS6LQrCt+0/Ws1o2rMml/n3guePpS7cxhHF7Nm5K4iMw==}

  '@opentelemetry/api-logs@0.57.2':
    resolution: {integrity: sha512-uIX52NnTM0iBh84MShlpouI7UKqkZ7MrUszTmaypHBu4r7NofznSnQRfJ+uUeDtQDj6w8eFGg5KBLDAwAPz1+A==}
    engines: {node: '>=14'}

  '@opentelemetry/api@1.9.1':
    resolution: {integrity: sha512-gLyJlPHPZYdAk1JENA9LeHejZe1Ti77/pTeFm/nMXmQH/HFZlcS/O2XJB+L8fkbrNSqhdtlvjBVjxwUYanNH5Q==}
    engines: {node: '>=8.0.0'}

  '@opentelemetry/context-async-hooks@1.30.1':
    resolution: {integrity: sha512-s5vvxXPVdjqS3kTLKMeBMvop9hbWkwzBpu+mUO2M7sZtlkyDJGwFe33wRKnbaYDo8ExRVBIIdwIGrqpxHuKttA==}
    engines: {node: '>=14'}
    peerDependencies:
      '@opentelemetry/api': '>=1.0.0 <1.10.0'

  '@opentelemetry/core@1.30.1':
    resolution: {integrity: sha512-OOCM2C/QIURhJMuKaekP3TRBxBKxG/TWWA0TL2J6nXUtDnuCtccy49LUJF8xPFXMX+0LMcxFpCo8M9cGY1W6rQ==}
    engines: {node: '>=14'}
    peerDependencies:
      '@opentelemetry/api': '>=1.0.0 <1.10.0'

  '@opentelemetry/exporter-logs-otlp-grpc@0.57.2':
    resolution: {integrity: sha512-eovEy10n3umjKJl2Ey6TLzikPE+W4cUQ4gCwgGP1RqzTGtgDra0WjIqdy29ohiUKfvmbiL3MndZww58xfIvyFw==}
    engines: {node: '>=14'}
    peerDependencies:
      '@opentelemetry/api': ^1.3.0

  '@opentelemetry/exporter-logs-otlp-http@0.57.2':
    resolution: {integrity: sha512-0rygmvLcehBRp56NQVLSleJ5ITTduq/QfU7obOkyWgPpFHulwpw2LYTqNIz5TczKZuy5YY+5D3SDnXZL1tXImg==}
    engines: {node: '>=14'}
    peerDependencies:
      '@opentelemetry/api': ^1.3.0

  '@opentelemetry/exporter-logs-otlp-proto@0.57.2':
    resolution: {integrity: sha512-ta0ithCin0F8lu9eOf4lEz9YAScecezCHkMMyDkvd9S7AnZNX5ikUmC5EQOQADU+oCcgo/qkQIaKcZvQ0TYKDw==}
    engines: {node: '>=14'}
    peerDependencies:
      '@opentelemetry/api': ^1.3.0

  '@opentelemetry/exporter-metrics-otlp-grpc@0.57.2':
    resolution: {integrity: sha512-r70B8yKR41F0EC443b5CGB4rUaOMm99I5N75QQt6sHKxYDzSEc6gm48Diz1CI1biwa5tDPznpylTrywO/pT7qw==}
    engines: {node: '>=14'}
    peerDependencies:
      '@opentelemetry/api': ^1.3.0

  '@opentelemetry/exporter-metrics-otlp-http@0.57.2':
    resolution: {integrity: sha512-ttb9+4iKw04IMubjm3t0EZsYRNWr3kg44uUuzfo9CaccYlOh8cDooe4QObDUkvx9d5qQUrbEckhrWKfJnKhemA==}
    engines: {node: '>=14'}
    peerDependencies:
      '@opentelemetry/api': ^1.3.0

  '@opentelemetry/exporter-metrics-otlp-proto@0.57.2':
    resolution: {integrity: sha512-HX068Q2eNs38uf7RIkNN9Hl4Ynl+3lP0++KELkXMCpsCbFO03+0XNNZ1SkwxPlP9jrhQahsMPMkzNXpq3fKsnw==}
    engines: {node: '>=14'}
    peerDependencies:
      '@opentelemetry/api': ^1.3.0

  '@opentelemetry/exporter-prometheus@0.57.2':
    resolution: {integrity: sha512-VqIqXnuxWMWE/1NatAGtB1PvsQipwxDcdG4RwA/umdBcW3/iOHp0uejvFHTRN2O78ZPged87ErJajyUBPUhlDQ==}
    engines: {node: '>=14'}
    peerDependencies:
      '@opentelemetry/api': ^1.3.0

  '@opentelemetry/exporter-trace-otlp-grpc@0.57.2':
    resolution: {integrity: sha512-gHU1vA3JnHbNxEXg5iysqCWxN9j83d7/epTYBZflqQnTyCC4N7yZXn/dMM+bEmyhQPGjhCkNZLx4vZuChH1PYw==}
    engines: {node: '>=14'}
    peerDependencies:
      '@opentelemetry/api': ^1.3.0

  '@opentelemetry/exporter-trace-otlp-http@0.57.2':
    resolution: {integrity: sha512-sB/gkSYFu+0w2dVQ0PWY9fAMl172PKMZ/JrHkkW8dmjCL0CYkmXeE+ssqIL/yBUTPOvpLIpenX5T9RwXRBW/3g==}
    engines: {node: '>=14'}
    peerDependencies:
      '@opentelemetry/api': ^1.3.0

  '@opentelemetry/exporter-trace-otlp-proto@0.57.2':
    resolution: {integrity: sha512-awDdNRMIwDvUtoRYxRhja5QYH6+McBLtoz1q9BeEsskhZcrGmH/V1fWpGx8n+Rc+542e8pJA6y+aullbIzQmlw==}
    engines: {node: '>=14'}
    peerDependencies:
      '@opentelemetry/api': ^1.3.0

  '@opentelemetry/exporter-zipkin@1.30.1':
    resolution: {integrity: sha512-6S2QIMJahIquvFaaxmcwpvQQRD/YFaMTNoIxrfPIPOeITN+a8lfEcPDxNxn8JDAaxkg+4EnXhz8upVDYenoQjA==}
    engines: {node: '>=14'}
    peerDependencies:
      '@opentelemetry/api': ^1.0.0

  '@opentelemetry/instrumentation@0.57.2':
    resolution: {integrity: sha512-BdBGhQBh8IjZ2oIIX6F2/Q3LKm/FDDKi6ccYKcBTeilh6SNdNKveDOLk73BkSJjQLJk6qe4Yh+hHw1UPhCDdrg==}
    engines: {node: '>=14'}
    peerDependencies:
      '@opentelemetry/api': ^1.3.0

  '@opentelemetry/otlp-exporter-base@0.57.2':
    resolution: {integrity: sha512-XdxEzL23Urhidyebg5E6jZoaiW5ygP/mRjxLHixogbqwDy2Faduzb5N0o/Oi+XTIJu+iyxXdVORjXax+Qgfxag==}
    engines: {node: '>=14'}
    peerDependencies:
      '@opentelemetry/api': ^1.3.0

  '@opentelemetry/otlp-grpc-exporter-base@0.57.2':
    resolution: {integrity: sha512-USn173KTWy0saqqRB5yU9xUZ2xdgb1Rdu5IosJnm9aV4hMTuFFRTUsQxbgc24QxpCHeoKzzCSnS/JzdV0oM2iQ==}
    engines: {node: '>=14'}
    peerDependencies:
      '@opentelemetry/api': ^1.3.0

  '@opentelemetry/otlp-transformer@0.57.2':
    resolution: {integrity: sha512-48IIRj49gbQVK52jYsw70+Jv+JbahT8BqT2Th7C4H7RCM9d0gZ5sgNPoMpWldmfjvIsSgiGJtjfk9MeZvjhoig==}
    engines: {node: '>=14'}
    peerDependencies:
      '@opentelemetry/api': ^1.3.0

  '@opentelemetry/propagator-b3@1.30.1':
    resolution: {integrity: sha512-oATwWWDIJzybAZ4pO76ATN5N6FFbOA1otibAVlS8v90B4S1wClnhRUk7K+2CHAwN1JKYuj4jh/lpCEG5BAqFuQ==}
    engines: {node: '>=14'}
    peerDependencies:
      '@opentelemetry/api': '>=1.0.0 <1.10.0'

  '@opentelemetry/propagator-jaeger@1.30.1':
    resolution: {integrity: sha512-Pj/BfnYEKIOImirH76M4hDaBSx6HyZ2CXUqk+Kj02m6BB80c/yo4BdWkn/1gDFfU+YPY+bPR2U0DKBfdxCKwmg==}
    engines: {node: '>=14'}
    peerDependencies:
      '@opentelemetry/api': '>=1.0.0 <1.10.0'

  '@opentelemetry/resources@1.30.1':
    resolution: {integrity: sha512-5UxZqiAgLYGFjS4s9qm5mBVo433u+dSPUFWVWXmLAD4wB65oMCoXaJP1KJa9DIYYMeHu3z4BZcStG3LC593cWA==}
    engines: {node: '>=14'}
    peerDependencies:
      '@opentelemetry/api': '>=1.0.0 <1.10.0'

  '@opentelemetry/sdk-logs@0.57.2':
    resolution: {integrity: sha512-TXFHJ5c+BKggWbdEQ/inpgIzEmS2BGQowLE9UhsMd7YYlUfBQJ4uax0VF/B5NYigdM/75OoJGhAV3upEhK+3gg==}
    engines: {node: '>=14'}
    peerDependencies:
      '@opentelemetry/api': '>=1.4.0 <1.10.0'

  '@opentelemetry/sdk-metrics@1.30.1':
    resolution: {integrity: sha512-q9zcZ0Okl8jRgmy7eNW3Ku1XSgg3sDLa5evHZpCwjspw7E8Is4K/haRPDJrBcX3YSn/Y7gUvFnByNYEKQNbNog==}
    engines: {node: '>=14'}
    peerDependencies:
      '@opentelemetry/api': '>=1.3.0 <1.10.0'

  '@opentelemetry/sdk-node@0.57.2':
    resolution: {integrity: sha512-8BaeqZyN5sTuPBtAoY+UtKwXBdqyuRKmekN5bFzAO40CgbGzAxfTpiL3PBerT7rhZ7p2nBdq7FaMv/tBQgHE4A==}
    engines: {node: '>=14'}
    peerDependencies:
      '@opentelemetry/api': '>=1.3.0 <1.10.0'

  '@opentelemetry/sdk-trace-base@1.30.1':
    resolution: {integrity: sha512-jVPgBbH1gCy2Lb7X0AVQ8XAfgg0pJ4nvl8/IiQA6nxOsPvS+0zMJaFSs2ltXe0J6C8dqjcnpyqINDJmU30+uOg==}
    engines: {node: '>=14'}
    peerDependencies:
      '@opentelemetry/api': '>=1.0.0 <1.10.0'

  '@opentelemetry/sdk-trace-node@1.30.1':
    resolution: {integrity: sha512-cBjYOINt1JxXdpw1e5MlHmFRc5fgj4GW/86vsKFxJCJ8AL4PdVtYH41gWwl4qd4uQjqEL1oJVrXkSy5cnduAnQ==}
    engines: {node: '>=14'}
    peerDependencies:
      '@opentelemetry/api': '>=1.0.0 <1.10.0'

  '@opentelemetry/semantic-conventions@1.28.0':
    resolution: {integrity: sha512-lp4qAiMTD4sNWW4DbKLBkfiMZ4jbAboJIGOQr5DvciMRI494OapieI9qiODpOt0XBr1LjIDy1xAGAnVs5supTA==}
    engines: {node: '>=14'}

  '@opentelemetry/semantic-conventions@1.41.1':
    resolution: {integrity: sha512-/UhIkaZgPutTFmQ7RnIJGgDXZmtEJ7Dvi86xNTFWcnRxVRNk/aotsqDJYeEvDP+FSMB2SdW+pQzNMcWP0rwuNA==}
    engines: {node: '>=14'}

  '@protobufjs/aspromise@1.1.2':
    resolution: {integrity: sha512-j+gKExEuLmKwvz3OgROXtrJ2UG2x8Ch2YZUxahh+s1F2HZ+wAceUNLkvy6zKCPVRkU++ZWQrdxsUeQXmcg4uoQ==}

  '@protobufjs/base64@1.1.2':
    resolution: {integrity: sha512-AZkcAA5vnN/v4PDqKyMR5lx7hZttPDgClv83E//FMNhR2TMcLUhfRUBHCmSl0oi9zMgDDqRUJkSxO3wm85+XLg==}

  '@protobufjs/codegen@2.0.5':
    resolution: {integrity: sha512-zgXFLzW3Ap33e6d0Wlj4MGIm6Ce8O89n/apUaGNB/jx+hw+ruWEp7EwGUshdLKVRCxZW12fp9r40E1mQrf/34g==}

  '@protobufjs/eventemitter@1.1.1':
    resolution: {integrity: sha512-vW1GmwMZNnL+gMRaovlh9yZX74kc+TTU3FObkkurpMaRtBfLP3ldjS9KQWlwZgraRE0+dheEEoAxdzcJQ8eXZg==}

  '@protobufjs/fetch@1.1.1':
    resolution: {integrity: sha512-GpptLrs57adMSuHi3VNj0mAF8dwh36LMaYF6XyJ6JMWlVsc+t42tm1HSEDmOs3A8fC9yyeisgLhsTVQokOZ0zw==}

  '@protobufjs/float@1.0.2':
    resolution: {integrity: sha512-Ddb+kVXlXst9d+R9PfTIxh1EdNkgoRe5tOX6t01f1lYWOvJnSPDBlG241QLzcyPdoNTsblLUdujGSE4RzrTZGQ==}

  '@protobufjs/inquire@1.1.2':
    resolution: {integrity: sha512-pa0vFRuws4wkvaXKK1uXZMAwAX4/t8ANaJo45iw/oQHNQ9q5xUzwgFmVJGXiga2BeN+zpX7Vf9vmsiIa2J+MUw==}

  '@protobufjs/path@1.1.2':
    resolution: {integrity: sha512-6JOcJ5Tm08dOHAbdR3GrvP+yUUfkjG5ePsHYczMFLq3ZmMkAD98cDgcT2iA1lJ9NVwFd4tH/iSSoe44YWkltEA==}

  '@protobufjs/pool@1.1.0':
    resolution: {integrity: sha512-0kELaGSIDBKvcgS4zkjz1PeddatrjYcmMWOlAuAPwAeccUrPHdUqo/J6LiymHHEiJT5NrF1UVwxY14f+fy4WQw==}

  '@protobufjs/utf8@1.1.1':
    resolution: {integrity: sha512-oOAWABowe8EAbMyWKM0tYDKi8Yaox52D+HWZhAIJqQXbqe0xI/GV7FhLWqlEKreMkfDjshR5FKgi3mnle0h6Eg==}

  '@types/node@25.9.1':
    resolution: {integrity: sha512-xfrlY7UD5rMJk3ZVJP8BNzS28J36YJg+xp+LPXV1TdWxr8uMH5A860QNxYDGQe/ylDSgjxE52Q9VnO7p75tJxg==}

  '@types/shimmer@1.2.0':
    resolution: {integrity: sha512-UE7oxhQLLd9gub6JKIAhDq06T0F6FnztwMNRvYgjeQSBeMc1ZG/tA47EwfduvkuQS8apbkM/lpLpWsaCeYsXVg==}

  acorn-import-attributes@1.9.5:
    resolution: {integrity: sha512-n02Vykv5uA3eHGM/Z2dQrcD56kL8TyDb2p1+0P83PClMnC/nc+anbQRhIOWnSq4Ke/KvDPrY3C9hDtC/A3eHnQ==}
    peerDependencies:
      acorn: ^8

  acorn@8.16.0:
    resolution: {integrity: sha512-UVJyE9MttOsBQIDKw1skb9nAwQuR5wuGD3+82K6JgJlm/Y+KI92oNsMNGZCYdDsVtRHSak0pcV5Dno5+4jh9sw==}
    engines: {node: '>=0.4.0'}
    hasBin: true

  ansi-regex@5.0.1:
    resolution: {integrity: sha512-quJQXlTSUGL2LH9SUXo8VwsY4soanhgo6LNSm84E1LBcE8s3O0wpdiRzyR9z/ZZJMlMWv37qOOb9pdJlMUEKFQ==}
    engines: {node: '>=8'}

  ansi-styles@4.3.0:
    resolution: {integrity: sha512-zbB9rCJAT1rbjiVDb2hqKFHNYLxgtk8NURxZ3IZwD3F6NtxbXZQCnnSi1Lkx+IDohdPlFp222wVALIheZJQSEg==}
    engines: {node: '>=8'}

  cjs-module-lexer@1.4.3:
    resolution: {integrity: sha512-9z8TZaGM1pfswYeXrUpzPrkx8UnWYdhJclsiYMm6x/w5+nN+8Tf/LnAgfLGQCm59qAOxU8WwHEq2vNwF6i4j+Q==}

  cliui@8.0.1:
    resolution: {integrity: sha512-BSeNnyus75C4//NQ9gQt1/csTXyo/8Sb+afLAkzAptFuMsod9HFokGNudZpi/oQV73hnVK+sR+5PVRMd+Dr7YQ==}
    engines: {node: '>=12'}

  color-convert@2.0.1:
    resolution: {integrity: sha512-RRECPsj7iu/xb5oKYcsFHSppFNnsj/52OVTRKb4zP5onXwVF3zVmmToNcOfGC+CRDpfK/U584fMg38ZHCaElKQ==}
    engines: {node: '>=7.0.0'}

  color-name@1.1.4:
    resolution: {integrity: sha512-dOy+3AuW3a2wNbZHIuMZpTcgjGuLU/uBL/ubcZF9OXbDo8ff4O8yVp5Bf0efS8uEoYo5q4Fx7dY9OgQGXgAsQA==}

  debug@4.4.3:
    resolution: {integrity: sha512-RGwwWnwQvkVfavKVt22FGLw+xYSdzARwm0ru6DhTVA3umU5hZc28V3kO4stgYryrTlLpuvgI9GiijltAjNbcqA==}
    engines: {node: '>=6.0'}
    peerDependencies:
      supports-color: '*'
    peerDependenciesMeta:
      supports-color:
        optional: true

  emoji-regex@8.0.0:
    resolution: {integrity: sha512-MSjYzcWNOA0ewAHpz0MxpYFvwg6yjy1NG3xteoqz644VCo/RPgnr1/GGt+ic3iJTzQ8Eu3TdM14SawnVUmGE6A==}

  es-errors@1.3.0:
    resolution: {integrity: sha512-Zf5H2Kxt2xjTvbJvP2ZWLEICxA6j+hAmMzIlypy4xcBg1vKVnx89Wy0GbS+kf5cwCVFFzdCFh2XSCFNULS6csw==}
    engines: {node: '>= 0.4'}

  escalade@3.2.0:
    resolution: {integrity: sha512-WUj2qlxaQtO4g6Pq5c29GTcWGDyd8itL8zTlipgECz3JesAiiOKotd8JU6otB3PACgG6xkJUyVhboMS+bje/jA==}
    engines: {node: '>=6'}

  function-bind@1.1.2:
    resolution: {integrity: sha512-7XHNxH7qX9xG5mIwxkhumTox/MIRNcOgDrxWsMt2pAr23WHp6MrRlN7FBSFpCpr+oVO0F744iUgR82nJMfG2SA==}

  get-caller-file@2.0.5:
    resolution: {integrity: sha512-DyFP3BM/3YHTQOCUL/w0OZHR0lpKeGrxotcHWcqNEdnltqFwXVfhEBQ94eIo34AfQpo0rGki4cyIiftY06h2Fg==}
    engines: {node: 6.* || 8.* || >= 10.*}

  hasown@2.0.4:
    resolution: {integrity: sha512-T2UbfbBEF32wiepXIsMlTW9+dDYC6wMh/t/vYA4tuOMKqWz/n3vr1NFSxQiyP+zk2mXsoMA/i/7qV6LKut1t1A==}
    engines: {node: '>= 0.4'}

  hono@4.12.23:
    resolution: {integrity: sha512-eIaZ9qDgu7XV0pxOCrg7/WhnQ6Ivm22UcxhXx/A3dcbqbbYgBEkc6e/J/s7j2tS96zoB0S9VBdLwQNCWwUo4LA==}
    engines: {node: '>=16.9.0'}

  import-in-the-middle@1.15.0:
    resolution: {integrity: sha512-bpQy+CrsRmYmoPMAE/0G33iwRqwW4ouqdRg8jgbH3aKuCtOc8lxgmYXg2dMM92CRiGP660EtBcymH/eVUpCSaA==}

  is-core-module@2.16.2:
    resolution: {integrity: sha512-evOr8xfXKxE6qSR0hSXL2r3sd7ALj8+7jQEUvPYcm5sgZFdJ+AYzT6yNmJenvIYQBgIGwfwz08sL8zoL7yq2BA==}
    engines: {node: '>= 0.4'}

  is-fullwidth-code-point@3.0.0:
    resolution: {integrity: sha512-zymm5+u+sCsSWyD9qNaejV3DFvhCKclKdizYaJUuHA83RLjb7nSuGnddCHGv0hk+KY7BMAlsWeK4Ueg6EV6XQg==}
    engines: {node: '>=8'}

  lodash.camelcase@4.3.0:
    resolution: {integrity: sha512-TwuEnCnxbc3rAvhf/LbG7tJUDzhqXyFnv3dtzLOPgCG/hODL7WFnsbwktkD7yUV0RrreP/l1PALq/YSg6VvjlA==}

  long@5.3.2:
    resolution: {integrity: sha512-mNAgZ1GmyNhD7AuqnTG3/VQ26o760+ZYBPKjPvugO8+nLbYfX6TVpJPseBvopbdY+qpZ/lKUnmEc1LeZYS3QAA==}

  module-details-from-path@1.0.4:
    resolution: {integrity: sha512-EGWKgxALGMgzvxYF1UyGTy0HXX/2vHLkw6+NvDKW2jypWbHpjQuj4UMcqQWXHERJhVGKikolT06G3bcKe4fi7w==}

  ms@2.1.3:
    resolution: {integrity: sha512-6FlzubTLZG3J2a/NVCAleEhjzq5oxgHyaCU9yYXvcLsvoVaHJq/s5xXI6/XXP6tz7R9xAOtHnSO/tXtF3WRTlA==}

  path-parse@1.0.7:
    resolution: {integrity: sha512-LDJzPVEEEPR+y48z93A0Ed0yXb8pAByGWo/k5YYdYgpY2/2EsOsksJrq7lOHxryrVOn1ejG6oAp8ahvOIQD8sw==}

  protobufjs@7.6.2:
    resolution: {integrity: sha512-N9EiLovGEQOJSPF26Ij7qUGvahfEnq0eeYZ02aigIedkmz1qZSwjnP9SBITHJuF/6MYbIW4HDN8zdYjsjqJKXQ==}
    engines: {node: '>=12.0.0'}

  require-directory@2.1.1:
    resolution: {integrity: sha512-fGxEI7+wsG9xrvdjsrlmL22OMTTiHRwAMroiEeMgq8gzoLC/PQr7RsRDSTLUg/bZAZtF+TVIkHc6/4RIKrui+Q==}
    engines: {node: '>=0.10.0'}

  require-in-the-middle@7.5.2:
    resolution: {integrity: sha512-gAZ+kLqBdHarXB64XpAe2VCjB7rIRv+mU8tfRWziHRJ5umKsIHN2tLLv6EtMw7WCdP19S0ERVMldNvxYCHnhSQ==}
    engines: {node: '>=8.6.0'}

  resolve@1.22.12:
    resolution: {integrity: sha512-TyeJ1zif53BPfHootBGwPRYT1RUt6oGWsaQr8UyZW/eAm9bKoijtvruSDEmZHm92CwS9nj7/fWttqPCgzep8CA==}
    engines: {node: '>= 0.4'}
    hasBin: true

  semver@7.8.2:
    resolution: {integrity: sha512-c8jsqUZm3omBOI66G90z1Dyw5z622G8oLG+omfsHBJf3CWQTlOcwOjvOG6wtiNfW6anKm/eA39LMwMtMez2TiQ==}
    engines: {node: '>=10'}
    hasBin: true

  shimmer@1.2.1:
    resolution: {integrity: sha512-sQTKC1Re/rM6XyFM6fIAGHRPVGvyXfgzIDvzoq608vM+jeyVD0Tu1E6Np0Kc2zAIFWIj963V2800iF/9LPieQw==}

  string-width@4.2.3:
    resolution: {integrity: sha512-wKyQRQpjJ0sIp62ErSZdGsjMJWsap5oRNihHhu6G7JVO/9jIB6UyevL+tXuOqrng8j/cxKTWyWUwvSTriiZz/g==}
    engines: {node: '>=8'}

  strip-ansi@6.0.1:
    resolution: {integrity: sha512-Y38VPSHcqkFrCpFnQ9vuSXmquuv5oXOKpGeT6aGrr3o3Gc9AlVa6JBfUSOCnbxGGZF+/0ooI7KrPuUSztUdU5A==}
    engines: {node: '>=8'}

  supports-preserve-symlinks-flag@1.0.0:
    resolution: {integrity: sha512-ot0WnXS9fgdkgIcePe6RHNk1WA8+muPa6cSjeR3V8K27q9BB1rTE3R1p7Hv0z1ZyAc8s6Vvv8DIyWf681MAt0w==}
    engines: {node: '>= 0.4'}

  undici-types@7.24.6:
    resolution: {integrity: sha512-WRNW+sJgj5OBN4/0JpHFqtqzhpbnV0GuB+OozA9gCL7a993SmU+1JBZCzLNxYsbMfIeDL+lTsphD5jN5N+n0zg==}

  wrap-ansi@7.0.0:
    resolution: {integrity: sha512-YVGIj2kamLSTxw6NsZjoBxfSwsn0ycdesmc4p+Q21c5zPuZ1pl+NfxVdxPtdHvmNVOQ6XSYG4AUtyt/Fi7D16Q==}
    engines: {node: '>=10'}

  ws@8.21.0:
    resolution: {integrity: sha512-Vsp28b7DRcimFQvrqu2Wek3z1iYxDCWqHYB8Qsnk/S4RfaCQzPGPyBNuVjJV3cd6UiKtUtp6sNM77gWvzcCH+g==}
    engines: {node: '>=10.0.0'}
    peerDependencies:
      bufferutil: ^4.0.1
      utf-8-validate: '>=5.0.2'
    peerDependenciesMeta:
      bufferutil:
        optional: true
      utf-8-validate:
        optional: true

  y18n@5.0.8:
    resolution: {integrity: sha512-0pfFzegeDWJHJIAmTLRP2DwHjdF5s7jo9tuztdQxAhINCdvS+3nGINqPd00AphqJR/0LhANUS6/+7SCb98YOfA==}
    engines: {node: '>=10'}

  yargs-parser@21.1.1:
    resolution: {integrity: sha512-tVpsJW7DdjecAiFpbIB1e3qxIQsE6NoPc5/eTdrbbIC4h0LVsWhnoa3g+m2HclBIujHzsxZ4VJVA+GUuc2/LBw==}
    engines: {node: '>=12'}

  yargs@17.7.2:
    resolution: {integrity: sha512-7dSzzRQ++CKnNI/krKnYRV7JKKPUXMEh61soaHKg9mrWEhzFWhFnxPxGl+69cD1Ou63C13NUPCnmIcrvqCuM6w==}
    engines: {node: '>=12'}

snapshots:

  '@grpc/grpc-js@1.14.4':
    dependencies:
      '@grpc/proto-loader': 0.8.1
      '@js-sdsl/ordered-map': 4.4.2
    optional: true

  '@grpc/proto-loader@0.8.1':
    dependencies:
      lodash.camelcase: 4.3.0
      long: 5.3.2
      protobufjs: 7.6.2
      yargs: 17.7.2
    optional: true

  '@hono/node-server@1.19.14(hono@4.12.23)':
    dependencies:
      hono: 4.12.23

  '@hono/node-ws@1.3.1(@hono/node-server@1.19.14(hono@4.12.23))(hono@4.12.23)':
    dependencies:
      '@hono/node-server': 1.19.14(hono@4.12.23)
      hono: 4.12.23
      ws: 8.21.0
    transitivePeerDependencies:
      - bufferutil
      - utf-8-validate

  '@js-sdsl/ordered-map@4.4.2':
    optional: true

  '@lydell/node-pty-darwin-arm64@1.1.0':
    optional: true

  '@lydell/node-pty-darwin-x64@1.1.0':
    optional: true

  '@lydell/node-pty-linux-arm64@1.1.0':
    optional: true

  '@lydell/node-pty-linux-x64@1.1.0':
    optional: true

  '@lydell/node-pty-win32-arm64@1.1.0':
    optional: true

  '@lydell/node-pty-win32-x64@1.1.0':
    optional: true

  '@lydell/node-pty@1.1.0':
    optionalDependencies:
      '@lydell/node-pty-darwin-arm64': 1.1.0
      '@lydell/node-pty-darwin-x64': 1.1.0
      '@lydell/node-pty-linux-arm64': 1.1.0
      '@lydell/node-pty-linux-x64': 1.1.0
      '@lydell/node-pty-win32-arm64': 1.1.0
      '@lydell/node-pty-win32-x64': 1.1.0

  '@opentelemetry/api-logs@0.57.2':
    dependencies:
      '@opentelemetry/api': 1.9.1
    optional: true

  '@opentelemetry/api@1.9.1': {}

  '@opentelemetry/context-async-hooks@1.30.1(@opentelemetry/api@1.9.1)':
    dependencies:
      '@opentelemetry/api': 1.9.1
    optional: true

  '@opentelemetry/core@1.30.1(@opentelemetry/api@1.9.1)':
    dependencies:
      '@opentelemetry/api': 1.9.1
      '@opentelemetry/semantic-conventions': 1.28.0
    optional: true

  '@opentelemetry/exporter-logs-otlp-grpc@0.57.2(@opentelemetry/api@1.9.1)':
    dependencies:
      '@grpc/grpc-js': 1.14.4
      '@opentelemetry/api': 1.9.1
      '@opentelemetry/core': 1.30.1(@opentelemetry/api@1.9.1)
      '@opentelemetry/otlp-exporter-base': 0.57.2(@opentelemetry/api@1.9.1)
      '@opentelemetry/otlp-grpc-exporter-base': 0.57.2(@opentelemetry/api@1.9.1)
      '@opentelemetry/otlp-transformer': 0.57.2(@opentelemetry/api@1.9.1)
      '@opentelemetry/sdk-logs': 0.57.2(@opentelemetry/api@1.9.1)
    optional: true

  '@opentelemetry/exporter-logs-otlp-http@0.57.2(@opentelemetry/api@1.9.1)':
    dependencies:
      '@opentelemetry/api': 1.9.1
      '@opentelemetry/api-logs': 0.57.2
      '@opentelemetry/core': 1.30.1(@opentelemetry/api@1.9.1)
      '@opentelemetry/otlp-exporter-base': 0.57.2(@opentelemetry/api@1.9.1)
      '@opentelemetry/otlp-transformer': 0.57.2(@opentelemetry/api@1.9.1)
      '@opentelemetry/sdk-logs': 0.57.2(@opentelemetry/api@1.9.1)
    optional: true

  '@opentelemetry/exporter-logs-otlp-proto@0.57.2(@opentelemetry/api@1.9.1)':
    dependencies:
      '@opentelemetry/api': 1.9.1
      '@opentelemetry/api-logs': 0.57.2
      '@opentelemetry/core': 1.30.1(@opentelemetry/api@1.9.1)
      '@opentelemetry/otlp-exporter-base': 0.57.2(@opentelemetry/api@1.9.1)
      '@opentelemetry/otlp-transformer': 0.57.2(@opentelemetry/api@1.9.1)
      '@opentelemetry/resources': 1.30.1(@opentelemetry/api@1.9.1)
      '@opentelemetry/sdk-logs': 0.57.2(@opentelemetry/api@1.9.1)
      '@opentelemetry/sdk-trace-base': 1.30.1(@opentelemetry/api@1.9.1)
    optional: true

  '@opentelemetry/exporter-metrics-otlp-grpc@0.57.2(@opentelemetry/api@1.9.1)':
    dependencies:
      '@grpc/grpc-js': 1.14.4
      '@opentelemetry/api': 1.9.1
      '@opentelemetry/core': 1.30.1(@opentelemetry/api@1.9.1)
      '@opentelemetry/exporter-metrics-otlp-http': 0.57.2(@opentelemetry/api@1.9.1)
      '@opentelemetry/otlp-exporter-base': 0.57.2(@opentelemetry/api@1.9.1)
      '@opentelemetry/otlp-grpc-exporter-base': 0.57.2(@opentelemetry/api@1.9.1)
      '@opentelemetry/otlp-transformer': 0.57.2(@opentelemetry/api@1.9.1)
      '@opentelemetry/resources': 1.30.1(@opentelemetry/api@1.9.1)
      '@opentelemetry/sdk-metrics': 1.30.1(@opentelemetry/api@1.9.1)
    optional: true

  '@opentelemetry/exporter-metrics-otlp-http@0.57.2(@opentelemetry/api@1.9.1)':
    dependencies:
      '@opentelemetry/api': 1.9.1
      '@opentelemetry/core': 1.30.1(@opentelemetry/api@1.9.1)
      '@opentelemetry/otlp-exporter-base': 0.57.2(@opentelemetry/api@1.9.1)
      '@opentelemetry/otlp-transformer': 0.57.2(@opentelemetry/api@1.9.1)
      '@opentelemetry/resources': 1.30.1(@opentelemetry/api@1.9.1)
      '@opentelemetry/sdk-metrics': 1.30.1(@opentelemetry/api@1.9.1)
    optional: true

  '@opentelemetry/exporter-metrics-otlp-proto@0.57.2(@opentelemetry/api@1.9.1)':
    dependencies:
      '@opentelemetry/api': 1.9.1
      '@opentelemetry/core': 1.30.1(@opentelemetry/api@1.9.1)
      '@opentelemetry/exporter-metrics-otlp-http': 0.57.2(@opentelemetry/api@1.9.1)
      '@opentelemetry/otlp-exporter-base': 0.57.2(@opentelemetry/api@1.9.1)
      '@opentelemetry/otlp-transformer': 0.57.2(@opentelemetry/api@1.9.1)
      '@opentelemetry/resources': 1.30.1(@opentelemetry/api@1.9.1)
      '@opentelemetry/sdk-metrics': 1.30.1(@opentelemetry/api@1.9.1)
    optional: true

  '@opentelemetry/exporter-prometheus@0.57.2(@opentelemetry/api@1.9.1)':
    dependencies:
      '@opentelemetry/api': 1.9.1
      '@opentelemetry/core': 1.30.1(@opentelemetry/api@1.9.1)
      '@opentelemetry/resources': 1.30.1(@opentelemetry/api@1.9.1)
      '@opentelemetry/sdk-metrics': 1.30.1(@opentelemetry/api@1.9.1)
    optional: true

  '@opentelemetry/exporter-trace-otlp-grpc@0.57.2(@opentelemetry/api@1.9.1)':
    dependencies:
      '@grpc/grpc-js': 1.14.4
      '@opentelemetry/api': 1.9.1
      '@opentelemetry/core': 1.30.1(@opentelemetry/api@1.9.1)
      '@opentelemetry/otlp-exporter-base': 0.57.2(@opentelemetry/api@1.9.1)
      '@opentelemetry/otlp-grpc-exporter-base': 0.57.2(@opentelemetry/api@1.9.1)
      '@opentelemetry/otlp-transformer': 0.57.2(@opentelemetry/api@1.9.1)
      '@opentelemetry/resources': 1.30.1(@opentelemetry/api@1.9.1)
      '@opentelemetry/sdk-trace-base': 1.30.1(@opentelemetry/api@1.9.1)
    optional: true

  '@opentelemetry/exporter-trace-otlp-http@0.57.2(@opentelemetry/api@1.9.1)':
    dependencies:
      '@opentelemetry/api': 1.9.1
      '@opentelemetry/core': 1.30.1(@opentelemetry/api@1.9.1)
      '@opentelemetry/otlp-exporter-base': 0.57.2(@opentelemetry/api@1.9.1)
      '@opentelemetry/otlp-transformer': 0.57.2(@opentelemetry/api@1.9.1)
      '@opentelemetry/resources': 1.30.1(@opentelemetry/api@1.9.1)
      '@opentelemetry/sdk-trace-base': 1.30.1(@opentelemetry/api@1.9.1)
    optional: true

  '@opentelemetry/exporter-trace-otlp-proto@0.57.2(@opentelemetry/api@1.9.1)':
    dependencies:
      '@opentelemetry/api': 1.9.1
      '@opentelemetry/core': 1.30.1(@opentelemetry/api@1.9.1)
      '@opentelemetry/otlp-exporter-base': 0.57.2(@opentelemetry/api@1.9.1)
      '@opentelemetry/otlp-transformer': 0.57.2(@opentelemetry/api@1.9.1)
      '@opentelemetry/resources': 1.30.1(@opentelemetry/api@1.9.1)
      '@opentelemetry/sdk-trace-base': 1.30.1(@opentelemetry/api@1.9.1)
    optional: true

  '@opentelemetry/exporter-zipkin@1.30.1(@opentelemetry/api@1.9.1)':
    dependencies:
      '@opentelemetry/api': 1.9.1
      '@opentelemetry/core': 1.30.1(@opentelemetry/api@1.9.1)
      '@opentelemetry/resources': 1.30.1(@opentelemetry/api@1.9.1)
      '@opentelemetry/sdk-trace-base': 1.30.1(@opentelemetry/api@1.9.1)
      '@opentelemetry/semantic-conventions': 1.28.0
    optional: true

  '@opentelemetry/instrumentation@0.57.2(@opentelemetry/api@1.9.1)':
    dependencies:
      '@opentelemetry/api': 1.9.1
      '@opentelemetry/api-logs': 0.57.2
      '@types/shimmer': 1.2.0
      import-in-the-middle: 1.15.0
      require-in-the-middle: 7.5.2
      semver: 7.8.2
      shimmer: 1.2.1
    transitivePeerDependencies:
      - supports-color
    optional: true

  '@opentelemetry/otlp-exporter-base@0.57.2(@opentelemetry/api@1.9.1)':
    dependencies:
      '@opentelemetry/api': 1.9.1
      '@opentelemetry/core': 1.30.1(@opentelemetry/api@1.9.1)
      '@opentelemetry/otlp-transformer': 0.57.2(@opentelemetry/api@1.9.1)
    optional: true

  '@opentelemetry/otlp-grpc-exporter-base@0.57.2(@opentelemetry/api@1.9.1)':
    dependencies:
      '@grpc/grpc-js': 1.14.4
      '@opentelemetry/api': 1.9.1
      '@opentelemetry/core': 1.30.1(@opentelemetry/api@1.9.1)
      '@opentelemetry/otlp-exporter-base': 0.57.2(@opentelemetry/api@1.9.1)
      '@opentelemetry/otlp-transformer': 0.57.2(@opentelemetry/api@1.9.1)
    optional: true

  '@opentelemetry/otlp-transformer@0.57.2(@opentelemetry/api@1.9.1)':
    dependencies:
      '@opentelemetry/api': 1.9.1
      '@opentelemetry/api-logs': 0.57.2
      '@opentelemetry/core': 1.30.1(@opentelemetry/api@1.9.1)
      '@opentelemetry/resources': 1.30.1(@opentelemetry/api@1.9.1)
      '@opentelemetry/sdk-logs': 0.57.2(@opentelemetry/api@1.9.1)
      '@opentelemetry/sdk-metrics': 1.30.1(@opentelemetry/api@1.9.1)
      '@opentelemetry/sdk-trace-base': 1.30.1(@opentelemetry/api@1.9.1)
      protobufjs: 7.6.2
    optional: true

  '@opentelemetry/propagator-b3@1.30.1(@opentelemetry/api@1.9.1)':
    dependencies:
      '@opentelemetry/api': 1.9.1
      '@opentelemetry/core': 1.30.1(@opentelemetry/api@1.9.1)
    optional: true

  '@opentelemetry/propagator-jaeger@1.30.1(@opentelemetry/api@1.9.1)':
    dependencies:
      '@opentelemetry/api': 1.9.1
      '@opentelemetry/core': 1.30.1(@opentelemetry/api@1.9.1)
    optional: true

  '@opentelemetry/resources@1.30.1(@opentelemetry/api@1.9.1)':
    dependencies:
      '@opentelemetry/api': 1.9.1
      '@opentelemetry/core': 1.30.1(@opentelemetry/api@1.9.1)
      '@opentelemetry/semantic-conventions': 1.28.0
    optional: true

  '@opentelemetry/sdk-logs@0.57.2(@opentelemetry/api@1.9.1)':
    dependencies:
      '@opentelemetry/api': 1.9.1
      '@opentelemetry/api-logs': 0.57.2
      '@opentelemetry/core': 1.30.1(@opentelemetry/api@1.9.1)
      '@opentelemetry/resources': 1.30.1(@opentelemetry/api@1.9.1)
    optional: true

  '@opentelemetry/sdk-metrics@1.30.1(@opentelemetry/api@1.9.1)':
    dependencies:
      '@opentelemetry/api': 1.9.1
      '@opentelemetry/core': 1.30.1(@opentelemetry/api@1.9.1)
      '@opentelemetry/resources': 1.30.1(@opentelemetry/api@1.9.1)
    optional: true

  '@opentelemetry/sdk-node@0.57.2(@opentelemetry/api@1.9.1)':
    dependencies:
      '@opentelemetry/api': 1.9.1
      '@opentelemetry/api-logs': 0.57.2
      '@opentelemetry/core': 1.30.1(@opentelemetry/api@1.9.1)
      '@opentelemetry/exporter-logs-otlp-grpc': 0.57.2(@opentelemetry/api@1.9.1)
      '@opentelemetry/exporter-logs-otlp-http': 0.57.2(@opentelemetry/api@1.9.1)
      '@opentelemetry/exporter-logs-otlp-proto': 0.57.2(@opentelemetry/api@1.9.1)
      '@opentelemetry/exporter-metrics-otlp-grpc': 0.57.2(@opentelemetry/api@1.9.1)
      '@opentelemetry/exporter-metrics-otlp-http': 0.57.2(@opentelemetry/api@1.9.1)
      '@opentelemetry/exporter-metrics-otlp-proto': 0.57.2(@opentelemetry/api@1.9.1)
      '@opentelemetry/exporter-prometheus': 0.57.2(@opentelemetry/api@1.9.1)
      '@opentelemetry/exporter-trace-otlp-grpc': 0.57.2(@opentelemetry/api@1.9.1)
      '@opentelemetry/exporter-trace-otlp-http': 0.57.2(@opentelemetry/api@1.9.1)
      '@opentelemetry/exporter-trace-otlp-proto': 0.57.2(@opentelemetry/api@1.9.1)
      '@opentelemetry/exporter-zipkin': 1.30.1(@opentelemetry/api@1.9.1)
      '@opentelemetry/instrumentation': 0.57.2(@opentelemetry/api@1.9.1)
      '@opentelemetry/resources': 1.30.1(@opentelemetry/api@1.9.1)
      '@opentelemetry/sdk-logs': 0.57.2(@opentelemetry/api@1.9.1)
      '@opentelemetry/sdk-metrics': 1.30.1(@opentelemetry/api@1.9.1)
      '@opentelemetry/sdk-trace-base': 1.30.1(@opentelemetry/api@1.9.1)
      '@opentelemetry/sdk-trace-node': 1.30.1(@opentelemetry/api@1.9.1)
      '@opentelemetry/semantic-conventions': 1.28.0
    transitivePeerDependencies:
      - supports-color
    optional: true

  '@opentelemetry/sdk-trace-base@1.30.1(@opentelemetry/api@1.9.1)':
    dependencies:
      '@opentelemetry/api': 1.9.1
      '@opentelemetry/core': 1.30.1(@opentelemetry/api@1.9.1)
      '@opentelemetry/resources': 1.30.1(@opentelemetry/api@1.9.1)
      '@opentelemetry/semantic-conventions': 1.28.0
    optional: true

  '@opentelemetry/sdk-trace-node@1.30.1(@opentelemetry/api@1.9.1)':
    dependencies:
      '@opentelemetry/api': 1.9.1
      '@opentelemetry/context-async-hooks': 1.30.1(@opentelemetry/api@1.9.1)
      '@opentelemetry/core': 1.30.1(@opentelemetry/api@1.9.1)
      '@opentelemetry/propagator-b3': 1.30.1(@opentelemetry/api@1.9.1)
      '@opentelemetry/propagator-jaeger': 1.30.1(@opentelemetry/api@1.9.1)
      '@opentelemetry/sdk-trace-base': 1.30.1(@opentelemetry/api@1.9.1)
      semver: 7.8.2
    optional: true

  '@opentelemetry/semantic-conventions@1.28.0':
    optional: true

  '@opentelemetry/semantic-conventions@1.41.1':
    optional: true

  '@protobufjs/aspromise@1.1.2':
    optional: true

  '@protobufjs/base64@1.1.2':
    optional: true

  '@protobufjs/codegen@2.0.5':
    optional: true

  '@protobufjs/eventemitter@1.1.1':
    optional: true

  '@protobufjs/fetch@1.1.1':
    dependencies:
      '@protobufjs/aspromise': 1.1.2
    optional: true

  '@protobufjs/float@1.0.2':
    optional: true

  '@protobufjs/inquire@1.1.2':
    optional: true

  '@protobufjs/path@1.1.2':
    optional: true

  '@protobufjs/pool@1.1.0':
    optional: true

  '@protobufjs/utf8@1.1.1':
    optional: true

  '@types/node@25.9.1':
    dependencies:
      undici-types: 7.24.6
    optional: true

  '@types/shimmer@1.2.0':
    optional: true

  acorn-import-attributes@1.9.5(acorn@8.16.0):
    dependencies:
      acorn: 8.16.0
    optional: true

  acorn@8.16.0:
    optional: true

  ansi-regex@5.0.1:
    optional: true

  ansi-styles@4.3.0:
    dependencies:
      color-convert: 2.0.1
    optional: true

  cjs-module-lexer@1.4.3:
    optional: true

  cliui@8.0.1:
    dependencies:
      string-width: 4.2.3
      strip-ansi: 6.0.1
      wrap-ansi: 7.0.0
    optional: true

  color-convert@2.0.1:
    dependencies:
      color-name: 1.1.4
    optional: true

  color-name@1.1.4:
    optional: true

  debug@4.4.3:
    dependencies:
      ms: 2.1.3
    optional: true

  emoji-regex@8.0.0:
    optional: true

  es-errors@1.3.0:
    optional: true

  escalade@3.2.0:
    optional: true

  function-bind@1.1.2:
    optional: true

  get-caller-file@2.0.5:
    optional: true

  hasown@2.0.4:
    dependencies:
      function-bind: 1.1.2
    optional: true

  hono@4.12.23: {}

  import-in-the-middle@1.15.0:
    dependencies:
      acorn: 8.16.0
      acorn-import-attributes: 1.9.5(acorn@8.16.0)
      cjs-module-lexer: 1.4.3
      module-details-from-path: 1.0.4
    optional: true

  is-core-module@2.16.2:
    dependencies:
      hasown: 2.0.4
    optional: true

  is-fullwidth-code-point@3.0.0:
    optional: true

  lodash.camelcase@4.3.0:
    optional: true

  long@5.3.2:
    optional: true

  module-details-from-path@1.0.4:
    optional: true

  ms@2.1.3:
    optional: true

  path-parse@1.0.7:
    optional: true

  protobufjs@7.6.2:
    dependencies:
      '@protobufjs/aspromise': 1.1.2
      '@protobufjs/base64': 1.1.2
      '@protobufjs/codegen': 2.0.5
      '@protobufjs/eventemitter': 1.1.1
      '@protobufjs/fetch': 1.1.1
      '@protobufjs/float': 1.0.2
      '@protobufjs/inquire': 1.1.2
      '@protobufjs/path': 1.1.2
      '@protobufjs/pool': 1.1.0
      '@protobufjs/utf8': 1.1.1
      '@types/node': 25.9.1
      long: 5.3.2
    optional: true

  require-directory@2.1.1:
    optional: true

  require-in-the-middle@7.5.2:
    dependencies:
      debug: 4.4.3
      module-details-from-path: 1.0.4
      resolve: 1.22.12
    transitivePeerDependencies:
      - supports-color
    optional: true

  resolve@1.22.12:
    dependencies:
      es-errors: 1.3.0
      is-core-module: 2.16.2
      path-parse: 1.0.7
      supports-preserve-symlinks-flag: 1.0.0
    optional: true

  semver@7.8.2:
    optional: true

  shimmer@1.2.1:
    optional: true

  string-width@4.2.3:
    dependencies:
      emoji-regex: 8.0.0
      is-fullwidth-code-point: 3.0.0
      strip-ansi: 6.0.1
    optional: true

  strip-ansi@6.0.1:
    dependencies:
      ansi-regex: 5.0.1
    optional: true

  supports-preserve-symlinks-flag@1.0.0:
    optional: true

  undici-types@7.24.6:
    optional: true

  wrap-ansi@7.0.0:
    dependencies:
      ansi-styles: 4.3.0
      string-width: 4.2.3
      strip-ansi: 6.0.1
    optional: true

  ws@8.21.0: {}

  y18n@5.0.8:
    optional: true

  yargs-parser@21.1.1:
    optional: true

  yargs@17.7.2:
    dependencies:
      cliui: 8.0.1
      escalade: 3.2.0
      get-caller-file: 2.0.5
      require-directory: 2.1.1
      string-width: 4.2.3
      y18n: 5.0.8
      yargs-parser: 21.1.1
    optional: true
